
Microsoft Visual Studio Solution File, Format Version 12.00
# Visual Studio Version 17
VisualStudioVersion = 17.5.33516.290
MinimumVisualStudioVersion = 10.0.40219.1
Project("{FAE04EC0-301F-11D3-BF4B-00C04F79EFBC}") = "UnityGame", "UnityGame\UnityGame.csproj", "{32A47613-117C-454D-ADD4-A7F3BFC57195}"
EndProject
Global
	GlobalSection(SolutionConfigurationPlatforms) = preSolution
		Debug|Any CPU = Debug|Any CPU
		Release|Any CPU = Release|Any CPU
	EndGlobalSection
	GlobalSection(ProjectConfigurationPlatforms) = postSolution
		{32A47613-117C-454D-ADD4-A7F3BFC57195}.Debug|Any CPU.ActiveCfg = Debug|Any CPU
		{32A47613-117C-454D-ADD4-A7F3BFC57195}.Debug|Any CPU.Build.0 = Debug|Any CPU
		{32A47613-117C-454D-ADD4-A7F3BFC57195}.Release|Any CPU.ActiveCfg = Release|Any CPU
		{32A47613-117C-454D-ADD4-A7F3BFC57195}.Release|Any CPU.Build.0 = Release|Any CPU
	EndGlobalSection
	GlobalSection(SolutionProperties) = preSolution
		HideSolutionNode = FALSE
	EndGlobalSection
	GlobalSection(ExtensibilityGlobals) = postSolution
		SolutionGuid = {B59805B2-05F9-4A9E-9CD3-868991EEBD2B}
	EndGlobalSection
EndGlobal
